
Microsoft Visual Studio Solution File, Format Version 12.00
# Visual Studio Version 16
VisualStudioVersion = 16.0.29728.190
MinimumVisualStudioVersion = 10.0.40219.1
Project("{9A19103F-16F7-4668-BE54-9A1E7A4F7556}") = "DPSExtreme", "DPSExtreme.csproj", "{91C7A0F1-9CC2-4483-A297-87785BB79C67}"
EndProject
Global
	GlobalSection(SolutionConfigurationPlatforms) = preSolution
		Debug|Any CPU = Debug|Any CPU
		Release|Any CPU = Release|Any CPU
	EndGlobalSection
	GlobalSection(ProjectConfigurationPlatforms) = postSolution
		{91C7A0F1-9CC2-4483-A297-87785BB79C67}.Debug|Any CPU.ActiveCfg = Debug|Any CPU
		{91C7A0F1-9CC2-4483-A297-87785BB79C67}.Debug|Any CPU.Build.0 = Debug|Any CPU
		{91C7A0F1-9CC2-4483-A297-87785BB79C67}.Release|Any CPU.ActiveCfg = Release|Any CPU
		{91C7A0F1-9CC2-4483-A297-87785BB79C67}.Release|Any CPU.Build.0 = Release|Any CPU
	EndGlobalSection
	GlobalSection(SolutionProperties) = preSolution
		HideSolutionNode = FALSE
	EndGlobalSection
	GlobalSection(ExtensibilityGlobals) = postSolution
		SolutionGuid = {ECB00E2A-A756-4396-9C78-6DE2F5648251}
	EndGlobalSection
EndGlobal
